PODS:
  - Google-Mobile-Ads-SDK (11.2.0):
    - GoogleUserMessagingPlatform (>= 1.1)
  - GoogleAnalytics (3.22.0)
  - GoogleUserMessagingPlatform (2.3.0)

DEPENDENCIES:
  - Google-Mobile-Ads-SDK
  - GoogleAnalytics

SPEC REPOS:
  trunk:
    - Google-Mobile-Ads-SDK
    - GoogleAnalytics
    - GoogleUserMessagingPlatform

SPEC CHECKSUMS:
  Google-Mobile-Ads-SDK: 5a6d005a6cb5b5e8f4c7b69ca05cdea79c181139
  GoogleAnalytics: b123b0cee1851b2bfe1b5897971845399d8b8103
  GoogleUserMessagingPlatform: b1ad7bb1ee3ce64749d4fec24f667b36e45c396c

PODFILE CHECKSUM: f1cf6a8ade370ff093b543328ac7cf07933abde2

COCOAPODS: 1.15.2
